<?xml version="1.0" encoding="utf-8"?>
<Project ToolsVersion="4.0" xmlns="http://schemas.microsoft.com/developer/msbuild/2003">
  <ItemGroup>
    <Filter Include="Quelldateien">
      <UniqueIdentifier>{4FC737F1-C7A5-4376-A066-2A32D752A2FF}</UniqueIdentifier>
      <Extensions>cpp;c;cc;cxx;c++;def;odl;idl;hpj;bat;asm;asmx</Extensions>
    </Filter>
    <Filter Include="Headerdateien">
      <UniqueIdentifier>{93995380-89BD-4b04-88EB-625FBE52EBFB}</UniqueIdentifier>
      <Extensions>h;hh;hpp;hxx;h++;hm;inl;inc;ipp;xsd</Extensions>
    </Filter>
    <Filter Include="Ressourcendateien">
      <UniqueIdentifier>{67DA6AB6-F800-4c08-8B7A-83BB121AAD01}</UniqueIdentifier>
      <Extensions>rc;ico;cur;bmp;dlg;rc2;rct;bin;rgs;gif;jpg;jpeg;jpe;resx;tiff;tif;png;wav;mfcribbon-ms</Extensions>
    </Filter>
    <Filter Include="Includes">
      <UniqueIdentifier>{a6e7d12c-dcfd-43c0-8204-9e660f904571}</UniqueIdentifier>
    </Filter>
    <Filter Include="Includes\inc">
      <UniqueIdentifier>{b98c1fdf-e4fd-4066-aa44-51e3ada1d371}</UniqueIdentifier>
    </Filter>
    <Filter Include="Includes\src">
      <UniqueIdentifier>{229becdf-846e-4957-a0cf-7498a607a6ab}</UniqueIdentifier>
    </Filter>
    <Filter Include="Includes\src\Additive">
      <UniqueIdentifier>{dea0bead-7e13-4383-809b-08be95ef941d}</UniqueIdentifier>
    </Filter>
    <Filter Include="Includes\src\Essenzielle">
      <UniqueIdentifier>{70ac8a5a-4368-4cd7-9511-74594a1ca36b}</UniqueIdentifier>
    </Filter>
    <Filter Include="linkage">
      <UniqueIdentifier>{0ff6cb66-a960-4677-94b0-5fb3a9328a7a}</UniqueIdentifier>
    </Filter>
  </ItemGroup>
  <ItemGroup>
    <ClInclude Include="settings.h">
      <Filter>Quelldateien</Filter>
    </ClInclude>
    <ClInclude Include="Resource.h">
      <Filter>Quelldateien</Filter>
    </ClInclude>
    <ClInclude Include="D:\LIBRARIES\INCLUDES\enumoperators.h">
      <Filter>Includes</Filter>
    </ClInclude>
    <ClInclude Include="D:\LIBRARIES\INCLUDES\indiaccessfuncs.h">
      <Filter>Includes</Filter>
    </ClInclude>
    <ClInclude Include="D:\LIBRARIES\INCLUDES\namespacer.h">
      <Filter>Includes</Filter>
    </ClInclude>
    <ClInclude Include=".\..\..\..\src\ControlledValues\AdditionalTypes.h">
      <Filter>Includes\src</Filter>
    </ClInclude>
    <ClInclude Include=".\..\..\..\src\ControlledValues\AdditionalModeClasses\Capacitor.hpp">
      <Filter>Includes\src\Additive</Filter>
    </ClInclude>
    <ClInclude Include=".\..\..\..\src\ControlledValues\AdditionalModeClasses\BandFilter.hpp">
      <Filter>Includes\src\Additive</Filter>
    </ClInclude>
    <ClInclude Include=".\..\..\..\src\ControlledValues\AdditionalModeClasses\BandSplit.hpp">
      <Filter>Includes\src\Additive</Filter>
    </ClInclude>
    <ClInclude Include=".\..\..\..\src\ControlledValues\AdditionalModeClasses\ControlledPointer.hpp">
      <Filter>Includes\src\Additive</Filter>
    </ClInclude>
    <ClInclude Include=".\..\..\..\src\ControlledValues\AdditionalModeClasses\ControlledVector3.hpp">
      <Filter>Includes\src\Additive</Filter>
    </ClInclude>
    <ClInclude Include=".\..\..\..\src\ControlledValues\AdditionalModeClasses\Jongleur.hpp">
      <Filter>Includes\src\Additive</Filter>
    </ClInclude>
    <ClInclude Include=".\..\..\..\src\ControlledValues\AdditionalModeClasses\PeakFinder.hpp">
      <Filter>Includes\src\Additive</Filter>
    </ClInclude>
    <ClInclude Include=".\..\..\..\src\ControlledValues\AdditionalModeClasses\PulseFormer.hpp">
      <Filter>Includes\src\Additive</Filter>
    </ClInclude>
    <ClInclude Include=".\..\..\..\src\ControlledValues\AdditionalModeClasses\RampFormer.hpp">
      <Filter>Includes\src\Additive</Filter>
    </ClInclude>
    <ClInclude Include=".\..\..\..\src\ControlledValues\AdditionalModeClasses\SawStacker.hpp">
      <Filter>Includes\src\Additive</Filter>
    </ClInclude>
    <ClInclude Include=".\..\..\..\src\ControlledValues\AdditionalModeClasses\SineFormer.hpp">
      <Filter>Includes\src\Additive</Filter>
    </ClInclude>
    <ClInclude Include=".\..\..\..\inc\ControlledValues.h">
      <Filter>Includes\inc</Filter>
    </ClInclude>
    <ClInclude Include=".\..\..\..\src\ControlledValues\ControlledValues.hpp">
      <Filter>Includes\src</Filter>
    </ClInclude>
    <ClInclude Include=".\..\..\..\src\ControlledValues\AdditionalModeClasses\Element.hpp">
      <Filter>Includes\src\Additive</Filter>
    </ClInclude>
    <ClInclude Include=".\..\..\..\src\ControlledValues\Macros\ExternalAccess.h">
      <Filter>Includes\src\Essenzielle</Filter>
    </ClInclude>
    <ClInclude Include=".\..\..\..\src\ControlledValues\Macros\FlgHlpConfig.h">
      <Filter>Includes\src\Essenzielle</Filter>
    </ClInclude>
    <ClInclude Include=".\..\..\..\src\ControlledValues\IncludeSelectedClasses.h">
      <Filter>Includes\src</Filter>
    </ClInclude>
    <ClInclude Include=".\..\..\..\inc\ControllerSpace.h">
      <Filter>Includes\inc</Filter>
    </ClInclude>
    <ClInclude Include=".\..\..\..\src\ControlledValues\InterfaceBase.hpp">
      <Filter>Includes\src</Filter>
    </ClInclude>
    <ClInclude Include=".\..\..\..\src\ControlledValues\Macros\InternalAccess.h">
      <Filter>Includes\src\Essenzielle</Filter>
    </ClInclude>
    <ClInclude Include=".\..\..\..\src\ControlledValues\Macros\ModeExpress.h">
      <Filter>Includes\src\Essenzielle</Filter>
    </ClInclude>
    <ClInclude Include=".\..\..\..\src\ControlledValues\AdditionalModeClasses\MultiComp.hpp">
      <Filter>Includes\src\Additive</Filter>
    </ClInclude>
    <ClInclude Include=".\..\..\..\inc\namespacer\namespacer.h">
      <Filter>Includes\inc</Filter>
    </ClInclude>
    <ClInclude Include=".\..\..\..\src\ControlledValues\PinFieldController.hpp">
      <Filter>Includes\src</Filter>
    </ClInclude>
    <ClInclude Include=".\..\..\..\src\ControlledValues\Macros\PinFunConfig.h">
      <Filter>Includes\src\Essenzielle</Filter>
    </ClInclude>
    <ClInclude Include=".\..\..\..\src\ControlledValues\Macros\PinFunDefine.h">
      <Filter>Includes\src\Essenzielle</Filter>
    </ClInclude>
    <ClInclude Include=".\..\..\..\src\ControlledValues\Macros\StepflowEmpty.h">
      <Filter>Includes\src\Essenzielle</Filter>
    </ClInclude>
    <ClInclude Include=".\..\..\..\inc\StepLists.h">
      <Filter>Includes\inc</Filter>
    </ClInclude>
    <ClInclude Include=".\..\..\..\src\ControlledValues\Macros\TypesDefiner.h">
      <Filter>Includes\src\Essenzielle</Filter>
    </ClInclude>
    <ClInclude Include=".\..\..\..\src\ControlledValues\ValueControllerUserModes.hpp">
      <Filter>Includes\src</Filter>
    </ClInclude>
    <ClInclude Include=".\..\..\..\inc\ControllerAccess.h">
      <Filter>Includes\inc</Filter>
    </ClInclude>
    <ClInclude Include=".\..\..\..\src\ControlledValues\dnwrap\ConstStruct.hpp" />
    <ClInclude Include=".\..\..\..\src\ControlledValues\dnwrap\CreationMacro.hpp" />
    <ClInclude Include=".\..\..\..\src\ControlledValues\dnwrap\MessageLogger.hpp" />
    <ClInclude Include=".\..\..\..\src\ControlledValues\dnwrap\PinPatchStruct.hpp" />
    <ClInclude Include=".\..\..\..\src\ControlledValues\dnwrap\ProjectHeader.hpp" />
    <ClInclude Include=".\..\..\..\src\ControlledValues\dnwrap\Stepflow.h" />
    <ClInclude Include="..\..\..\src\ControlledValues\FixFieldController.hpp">
      <Filter>Includes\src</Filter>
    </ClInclude>
    <ClInclude Include="..\..\..\src\ControlledValues\VariableController.hpp">
      <Filter>Includes\src</Filter>
    </ClInclude>
  </ItemGroup>
  <ItemGroup>
    <ClCompile Include="AssemblyInfo.cpp">
      <Filter>Quelldateien</Filter>
    </ClCompile>
    <ClCompile Include="..\..\..\src\ControlledValues\dnwrap\Stepflow.cpp" />
  </ItemGroup>
  <ItemGroup>
    <ResourceCompile Include="app.rc">
      <Filter>Ressourcendateien</Filter>
    </ResourceCompile>
  </ItemGroup>
  <ItemGroup>
    <Image Include="app.ico">
      <Filter>Ressourcendateien</Filter>
    </Image>
  </ItemGroup>
  <ItemGroup>
    <None Include="copyLinkage.bat">
      <Filter>Quelldateien</Filter>
    </None>
  </ItemGroup>
</Project>