<?xml version="1.0" encoding="utf-8"?>
<Project ToolsVersion="4.0" xmlns="http://schemas.microsoft.com/developer/msbuild/2003">
  <ItemGroup>
    <Filter Include="Ressourcendateien">
      <UniqueIdentifier>{67DA6AB6-F800-4c08-8B7A-83BB121AAD01}</UniqueIdentifier>
      <Extensions>rc;ico;cur;bmp;dlg;rc2;rct;bin;rgs;gif;jpg;jpeg;jpe;resx;tiff;tif;png;wav;mfcribbon-ms</Extensions>
    </Filter>
    <Filter Include="native">
      <UniqueIdentifier>{7b0d3f08-2e10-42ac-8e6b-778160a9d968}</UniqueIdentifier>
    </Filter>
    <Filter Include="native\inc">
      <UniqueIdentifier>{033ab209-1c95-490e-a1cc-c287d73f1b71}</UniqueIdentifier>
    </Filter>
    <Filter Include="native\src">
      <UniqueIdentifier>{7cc7ff86-5675-40cd-9afe-98fe1ae377ea}</UniqueIdentifier>
    </Filter>
    <Filter Include="native\inc\namespacer">
      <UniqueIdentifier>{8801f173-7a74-4f98-a908-668c2432f991}</UniqueIdentifier>
    </Filter>
    <Filter Include="native\src\Values">
      <UniqueIdentifier>{ca061466-2c3b-43b5-bb09-02ea4f353d90}</UniqueIdentifier>
    </Filter>
    <Filter Include="native\src\Values\AdditionalClasses">
      <UniqueIdentifier>{3c45ac4c-7658-4f64-b213-d26896367f6e}</UniqueIdentifier>
    </Filter>
    <Filter Include="native\src\Values\Macros">
      <UniqueIdentifier>{efb7f9ec-2b0a-4546-b49a-f73e76831278}</UniqueIdentifier>
    </Filter>
    <Filter Include="Qualldateien">
      <UniqueIdentifier>{4FC737F1-C7A5-4376-A066-2A32D752A2FF}</UniqueIdentifier>
      <Extensions>cpp;c;cc;cxx;def;odl;idl;hpj;bat;asm;asmx</Extensions>
    </Filter>
    <Filter Include="wrap">
      <UniqueIdentifier>{0a8d36db-7b7b-43a0-86b2-7eb703e1292b}</UniqueIdentifier>
    </Filter>
    <Filter Include="native\src\utils">
      <UniqueIdentifier>{80a06904-916d-42ad-bf42-52c98418aa73}</UniqueIdentifier>
    </Filter>
  </ItemGroup>
  <ItemGroup>
    <ClInclude Include="..\..\..\inc\ControlledValues.h">
      <Filter>native\inc</Filter>
    </ClInclude>
    <ClInclude Include="..\..\..\src\ControlledValues\AdditionalModeClasses\Capacitor.hpp">
      <Filter>native\src\Values\AdditionalClasses</Filter>
    </ClInclude>
    <ClInclude Include="..\..\..\src\ControlledValues\AdditionalModeClasses\ControlledPointer.hpp">
      <Filter>native\src\Values\AdditionalClasses</Filter>
    </ClInclude>
    <ClInclude Include="..\..\..\src\ControlledValues\ControlledValues.hpp">
      <Filter>native\src\Values</Filter>
    </ClInclude>
    <ClInclude Include="..\..\..\src\ControlledValues\AdditionalTypes.h">
      <Filter>native\src\Values</Filter>
    </ClInclude>
    <ClInclude Include="..\..\..\inc\ControllerAccess.h">
      <Filter>native\inc</Filter>
    </ClInclude>
    <ClInclude Include="..\..\..\src\ControlledValues\AdditionalModeClasses\Element.hpp">
      <Filter>native\src\Values\AdditionalClasses</Filter>
    </ClInclude>
    <ClInclude Include="..\..\..\src\ControlledValues\IncludeSelectedClasses.h">
      <Filter>native\src\Values</Filter>
    </ClInclude>
    <ClInclude Include="..\..\..\src\ControlledValues\AdditionalModeClasses\Jongleur.hpp">
      <Filter>native\src\Values\AdditionalClasses</Filter>
    </ClInclude>
    <ClInclude Include="..\..\..\inc\namespacer\namespacer.h">
      <Filter>native\inc\namespacer</Filter>
    </ClInclude>
    <ClInclude Include="..\..\..\src\ControlledValues\Macros\PinFunConfig.h">
      <Filter>native\src\Values\Macros</Filter>
    </ClInclude>
    <ClInclude Include="..\..\..\src\ControlledValues\ValueControllerUserModes.hpp">
      <Filter>native\src\Values</Filter>
    </ClInclude>
    <ClInclude Include="..\..\..\src\ControlledValues\AdditionalModeClasses\PeakFinder.hpp">
      <Filter>native\src\Values\AdditionalClasses</Filter>
    </ClInclude>
    <ClInclude Include="..\..\..\inc\ControllerSpace.h">
      <Filter>native\inc</Filter>
    </ClInclude>
    <ClInclude Include="..\..\..\src\ControlledValues\Macros\FlgHlpConfig.h">
      <Filter>native\src\Values\Macros</Filter>
    </ClInclude>
    <ClInclude Include="..\..\..\src\ControlledValues\AdditionalModeClasses\BandFilter.hpp">
      <Filter>native\src\Values\AdditionalClasses</Filter>
    </ClInclude>
    <ClInclude Include="..\..\..\src\ControlledValues\AdditionalModeClasses\ControlledVector3.hpp">
      <Filter>native\src\Values\AdditionalClasses</Filter>
    </ClInclude>
    <ClInclude Include="..\..\..\src\ControlledValues\Macros\PinFunDefine.h">
      <Filter>native\src\Values\Macros</Filter>
    </ClInclude>
    <ClInclude Include="..\..\..\src\ControlledValues\AdditionalModeClasses\BandSplit.hpp">
      <Filter>native\src\Values\AdditionalClasses</Filter>
    </ClInclude>
    <ClInclude Include="..\..\..\src\ControlledValues\AdditionalModeClasses\MultiComp.hpp">
      <Filter>native\src\Values\AdditionalClasses</Filter>
    </ClInclude>
    <ClInclude Include="..\..\..\src\ControlledValues\InterfaceBase.hpp">
      <Filter>native\src\Values</Filter>
    </ClInclude>
    <ClInclude Include="..\..\..\src\ControlledValues\Macros\ModeExpress.h">
      <Filter>native\src\Values\Macros</Filter>
    </ClInclude>
    <ClInclude Include="settings.h">
      <Filter>Qualldateien</Filter>
    </ClInclude>
    <ClInclude Include="..\..\..\src\ControlledValues\Macros\ExternalAccess.h">
      <Filter>native\src\Values\Macros</Filter>
    </ClInclude>
    <ClInclude Include="..\..\..\src\ControlledValues\Macros\InternalAccess.h">
      <Filter>native\src\Values\Macros</Filter>
    </ClInclude>
    <ClInclude Include="..\..\..\src\ControlledValues\Macros\StepflowEmpty.h">
      <Filter>native\src\Values\Macros</Filter>
    </ClInclude>
    <ClInclude Include="..\..\..\src\ControlledValues\PinFieldController.hpp">
      <Filter>native\src\Values</Filter>
    </ClInclude>
    <ClInclude Include="..\..\..\src\ControlledValues\FixFieldController.hpp">
      <Filter>native\src\Values</Filter>
    </ClInclude>
    <ClInclude Include="..\..\..\src\ControlledValues\VariableController.hpp">
      <Filter>native\src\Values</Filter>
    </ClInclude>
    <ClInclude Include="..\..\..\src\ControlledValues\AdditionalModeClasses\PulseFormer.hpp">
      <Filter>native\src\Values\AdditionalClasses</Filter>
    </ClInclude>
    <ClInclude Include="..\..\..\src\ControlledValues\AdditionalModeClasses\RampFormer.hpp">
      <Filter>native\src\Values\AdditionalClasses</Filter>
    </ClInclude>
    <ClInclude Include="..\..\..\src\ControlledValues\AdditionalModeClasses\SineFormer.hpp">
      <Filter>native\src\Values\AdditionalClasses</Filter>
    </ClInclude>
    <ClInclude Include="..\..\..\inc\Stepflow.hpp">
      <Filter>native\inc</Filter>
    </ClInclude>
    <ClInclude Include="..\..\..\src\ControlledValues\Macros\TypesDefiner.h">
      <Filter>native\src\Values\Macros</Filter>
    </ClInclude>
    <ClInclude Include="..\..\src\ControlledValues\dnwrap\ConstStruct.hpp">
      <Filter>wrap</Filter>
    </ClInclude>
    <ClInclude Include="..\..\src\ControlledValues\dnwrap\CreationMacro.hpp">
      <Filter>wrap</Filter>
    </ClInclude>
    <ClInclude Include="..\..\src\ControlledValues\dnwrap\MessageLogger.hpp">
      <Filter>wrap</Filter>
    </ClInclude>
    <ClInclude Include="..\..\src\ControlledValues\dnwrap\PinPatchStruct.hpp">
      <Filter>wrap</Filter>
    </ClInclude>
    <ClInclude Include="..\..\src\ControlledValues\dnwrap\ProjectHeader.hpp">
      <Filter>wrap</Filter>
    </ClInclude>
    <ClInclude Include="..\..\src\ControlledValues\dnwrap\Stepflow.h">
      <Filter>wrap</Filter>
    </ClInclude>
  </ItemGroup>
  <ItemGroup>
    <ClCompile Include="..\..\src\ControlledValues\dnwrap\PinPatchStruct.cpp">
      <Filter>wrap</Filter>
    </ClCompile>
    <ClCompile Include="..\..\src\ControlledValues\dnwrap\Stepflow.cpp">
      <Filter>wrap</Filter>
    </ClCompile>
  </ItemGroup>
</Project>